{
  "name": "island_wx",
  "lockfileVersion": 2,
  "requires": true,
  "packages": {
    "": {
      "dependencies": {
        "@vant/weapp": "^1.6.8"
      }
    },
    "node_modules/@vant/weapp": {
      "version": "1.6.8",
      "resolved": "https://registry.nlark.com/@vant/weapp/download/@vant/weapp-1.6.8.tgz?cache=0&sync_timestamp=1621751117302&other_urls=https%3A%2F%2Fregistry.nlark.com%2F%40vant%2Fweapp%2Fdownload%2F%40vant%2Fweapp-1.6.8.tgz",
      "integrity": "sha1-lIrhb7oHxaIFTFJ4PyKq9qBEU+E="
    }
  },
  "dependencies": {
    "@vant/weapp": {
      "version": "1.6.8",
      "resolved": "https://registry.nlark.com/@vant/weapp/download/@vant/weapp-1.6.8.tgz?cache=0&sync_timestamp=1621751117302&other_urls=https%3A%2F%2Fregistry.nlark.com%2F%40vant%2Fweapp%2Fdownload%2F%40vant%2Fweapp-1.6.8.tgz",
      "integrity": "sha1-lIrhb7oHxaIFTFJ4PyKq9qBEU+E="
    }
  }
}
